
Microsoft Visual Studio Solution File, Format Version 12.00
# Visual Studio Version 17
VisualStudioVersion = 17.14.36212.18 d17.14
MinimumVisualStudioVersion = 10.0.40219.1
Project("{FAE04EC0-301F-11D3-BF4B-00C04F79EFBC}") = "Linq Tutorial", "Linq Tutorial\Linq Tutorial.csproj", "{AACA8836-E60C-4CA7-81D4-8849DDB2CF57}"
EndProject
Global
	GlobalSection(SolutionConfigurationPlatforms) = preSolution
		Debug|Any CPU = Debug|Any CPU
		Release|Any CPU = Release|Any CPU
	EndGlobalSection
	GlobalSection(ProjectConfigurationPlatforms) = postSolution
		{AACA8836-E60C-4CA7-81D4-8849DDB2CF57}.Debug|Any CPU.ActiveCfg = Debug|Any CPU
		{AACA8836-E60C-4CA7-81D4-8849DDB2CF57}.Debug|Any CPU.Build.0 = Debug|Any CPU
		{AACA8836-E60C-4CA7-81D4-8849DDB2CF57}.Release|Any CPU.ActiveCfg = Release|Any CPU
		{AACA8836-E60C-4CA7-81D4-8849DDB2CF57}.Release|Any CPU.Build.0 = Release|Any CPU
	EndGlobalSection
	GlobalSection(SolutionProperties) = preSolution
		HideSolutionNode = FALSE
	EndGlobalSection
	GlobalSection(ExtensibilityGlobals) = postSolution
		SolutionGuid = {C85CEEA7-A216-4BC0-BA92-52AEF5E4C77E}
	EndGlobalSection
EndGlobal
