
Microsoft Visual Studio Solution File, Format Version 12.00
# Visual Studio Version 17
VisualStudioVersion = 17.14.36212.18 d17.14
MinimumVisualStudioVersion = 10.0.40219.1
Project("{FAE04EC0-301F-11D3-BF4B-00C04F79EFBC}") = "Book-Management-System", "Book-Management-System\Book-Management-System.csproj", "{5E115007-BCE8-41FE-8D35-E98DE68E5303}"
EndProject
Global
	GlobalSection(SolutionConfigurationPlatforms) = preSolution
		Debug|Any CPU = Debug|Any CPU
		Release|Any CPU = Release|Any CPU
	EndGlobalSection
	GlobalSection(ProjectConfigurationPlatforms) = postSolution
		{5E115007-BCE8-41FE-8D35-E98DE68E5303}.Debug|Any CPU.ActiveCfg = Debug|Any CPU
		{5E115007-BCE8-41FE-8D35-E98DE68E5303}.Debug|Any CPU.Build.0 = Debug|Any CPU
		{5E115007-BCE8-41FE-8D35-E98DE68E5303}.Release|Any CPU.ActiveCfg = Release|Any CPU
		{5E115007-BCE8-41FE-8D35-E98DE68E5303}.Release|Any CPU.Build.0 = Release|Any CPU
	EndGlobalSection
	GlobalSection(SolutionProperties) = preSolution
		HideSolutionNode = FALSE
	EndGlobalSection
	GlobalSection(ExtensibilityGlobals) = postSolution
		SolutionGuid = {B9CE3A45-817E-4AD6-AF6D-E47DE4574306}
	EndGlobalSection
EndGlobal
